
Microsoft Visual Studio Solution File, Format Version 12.00
# Visual Studio 15
Project("{FAE04EC0-301F-11D3-BF4B-00C04F79EFBC}") = "dnd_secrets.Android", "dnd_secrets.Android\dnd_secrets.Android.csproj", "{A6ED54A1-BFFB-444F-BF5A-9E6C9D9F7402}"
EndProject
Project("{FAE04EC0-301F-11D3-BF4B-00C04F79EFBC}") = "dnd_secrets.iOS", "dnd_secrets.iOS\dnd_secrets.iOS.csproj", "{DD40D94D-FFF5-45DB-91F5-CD9947AD8CC5}"
EndProject
Project("{FAE04EC0-301F-11D3-BF4B-00C04F79EFBC}") = "dnd_secrets", "dnd_secrets\dnd_secrets.csproj", "{9DFFCCEC-8115-4DAD-A6BC-39ADA98A62B0}"
EndProject
Global
	GlobalSection(SolutionConfigurationPlatforms) = preSolution
		Debug|Any CPU = Debug|Any CPU
		Release|Any CPU = Release|Any CPU
		Debug|iPhoneSimulator = Debug|iPhoneSimulator
		Release|iPhoneSimulator = Release|iPhoneSimulator
		Debug|iPhone = Debug|iPhone
		Release|iPhone = Release|iPhone
	EndGlobalSection
	GlobalSection(ProjectConfigurationPlatforms) = postSolution
		{A6ED54A1-BFFB-444F-BF5A-9E6C9D9F7402}.Debug|Any CPU.ActiveCfg = Debug|Any CPU
		{A6ED54A1-BFFB-444F-BF5A-9E6C9D9F7402}.Debug|Any CPU.Build.0 = Debug|Any CPU
		{A6ED54A1-BFFB-444F-BF5A-9E6C9D9F7402}.Release|Any CPU.ActiveCfg = Release|Any CPU
		{A6ED54A1-BFFB-444F-BF5A-9E6C9D9F7402}.Release|Any CPU.Build.0 = Release|Any CPU
		{A6ED54A1-BFFB-444F-BF5A-9E6C9D9F7402}.Debug|iPhoneSimulator.ActiveCfg = Debug|Any CPU
		{A6ED54A1-BFFB-444F-BF5A-9E6C9D9F7402}.Debug|iPhoneSimulator.Build.0 = Debug|Any CPU
		{A6ED54A1-BFFB-444F-BF5A-9E6C9D9F7402}.Release|iPhoneSimulator.ActiveCfg = Release|Any CPU
		{A6ED54A1-BFFB-444F-BF5A-9E6C9D9F7402}.Release|iPhoneSimulator.Build.0 = Release|Any CPU
		{A6ED54A1-BFFB-444F-BF5A-9E6C9D9F7402}.Debug|iPhone.ActiveCfg = Debug|Any CPU
		{A6ED54A1-BFFB-444F-BF5A-9E6C9D9F7402}.Debug|iPhone.Build.0 = Debug|Any CPU
		{A6ED54A1-BFFB-444F-BF5A-9E6C9D9F7402}.Release|iPhone.ActiveCfg = Release|Any CPU
		{A6ED54A1-BFFB-444F-BF5A-9E6C9D9F7402}.Release|iPhone.Build.0 = Release|Any CPU
		{DD40D94D-FFF5-45DB-91F5-CD9947AD8CC5}.Debug|Any CPU.ActiveCfg = Debug|iPhoneSimulator
		{DD40D94D-FFF5-45DB-91F5-CD9947AD8CC5}.Debug|Any CPU.Build.0 = Debug|iPhoneSimulator
		{DD40D94D-FFF5-45DB-91F5-CD9947AD8CC5}.Release|Any CPU.ActiveCfg = Release|iPhoneSimulator
		{DD40D94D-FFF5-45DB-91F5-CD9947AD8CC5}.Release|Any CPU.Build.0 = Release|iPhoneSimulator
		{DD40D94D-FFF5-45DB-91F5-CD9947AD8CC5}.Debug|iPhoneSimulator.ActiveCfg = Debug|iPhoneSimulator
		{DD40D94D-FFF5-45DB-91F5-CD9947AD8CC5}.Debug|iPhoneSimulator.Build.0 = Debug|iPhoneSimulator
		{DD40D94D-FFF5-45DB-91F5-CD9947AD8CC5}.Release|iPhoneSimulator.ActiveCfg = Release|iPhoneSimulator
		{DD40D94D-FFF5-45DB-91F5-CD9947AD8CC5}.Release|iPhoneSimulator.Build.0 = Release|iPhoneSimulator
		{DD40D94D-FFF5-45DB-91F5-CD9947AD8CC5}.Debug|iPhone.ActiveCfg = Debug|iPhone
		{DD40D94D-FFF5-45DB-91F5-CD9947AD8CC5}.Debug|iPhone.Build.0 = Debug|iPhone
		{DD40D94D-FFF5-45DB-91F5-CD9947AD8CC5}.Release|iPhone.ActiveCfg = Release|iPhone
		{DD40D94D-FFF5-45DB-91F5-CD9947AD8CC5}.Release|iPhone.Build.0 = Release|iPhone
		{9DFFCCEC-8115-4DAD-A6BC-39ADA98A62B0}.Debug|Any CPU.ActiveCfg = Debug|Any CPU
		{9DFFCCEC-8115-4DAD-A6BC-39ADA98A62B0}.Debug|Any CPU.Build.0 = Debug|Any CPU
		{9DFFCCEC-8115-4DAD-A6BC-39ADA98A62B0}.Release|Any CPU.ActiveCfg = Release|Any CPU
		{9DFFCCEC-8115-4DAD-A6BC-39ADA98A62B0}.Release|Any CPU.Build.0 = Release|Any CPU
		{9DFFCCEC-8115-4DAD-A6BC-39ADA98A62B0}.Debug|iPhoneSimulator.ActiveCfg = Debug|Any CPU
		{9DFFCCEC-8115-4DAD-A6BC-39ADA98A62B0}.Debug|iPhoneSimulator.Build.0 = Debug|Any CPU
		{9DFFCCEC-8115-4DAD-A6BC-39ADA98A62B0}.Release|iPhoneSimulator.ActiveCfg = Release|Any CPU
		{9DFFCCEC-8115-4DAD-A6BC-39ADA98A62B0}.Release|iPhoneSimulator.Build.0 = Release|Any CPU
		{9DFFCCEC-8115-4DAD-A6BC-39ADA98A62B0}.Debug|iPhone.ActiveCfg = Debug|Any CPU
		{9DFFCCEC-8115-4DAD-A6BC-39ADA98A62B0}.Debug|iPhone.Build.0 = Debug|Any CPU
		{9DFFCCEC-8115-4DAD-A6BC-39ADA98A62B0}.Release|iPhone.ActiveCfg = Release|Any CPU
		{9DFFCCEC-8115-4DAD-A6BC-39ADA98A62B0}.Release|iPhone.Build.0 = Release|Any CPU
	EndGlobalSection
EndGlobal
