
Microsoft Visual Studio Solution File, Format Version 12.00
# Visual Studio 15
Project("{FAE04EC0-301F-11D3-BF4B-00C04F79EFBC}") = "SecretNotes.iOS", "SecretNotes.iOS.csproj", "{DD40D94D-FFF5-45DB-91F5-CD9947AD8CC5}"
EndProject
Global
	GlobalSection(SolutionConfigurationPlatforms) = preSolution
		Debug|iPhoneSimulator = Debug|iPhoneSimulator
		Release|iPhoneSimulator = Release|iPhoneSimulator
		Debug|iPhone = Debug|iPhone
		Release|iPhone = Release|iPhone
	EndGlobalSection
	GlobalSection(ProjectConfigurationPlatforms) = postSolution
		{DD40D94D-FFF5-45DB-91F5-CD9947AD8CC5}.Debug|iPhoneSimulator.ActiveCfg = Debug|iPhoneSimulator
		{DD40D94D-FFF5-45DB-91F5-CD9947AD8CC5}.Debug|iPhoneSimulator.Build.0 = Debug|iPhoneSimulator
		{DD40D94D-FFF5-45DB-91F5-CD9947AD8CC5}.Release|iPhoneSimulator.ActiveCfg = Release|iPhoneSimulator
		{DD40D94D-FFF5-45DB-91F5-CD9947AD8CC5}.Release|iPhoneSimulator.Build.0 = Release|iPhoneSimulator
		{DD40D94D-FFF5-45DB-91F5-CD9947AD8CC5}.Debug|iPhone.ActiveCfg = Debug|iPhone
		{DD40D94D-FFF5-45DB-91F5-CD9947AD8CC5}.Debug|iPhone.Build.0 = Debug|iPhone
		{DD40D94D-FFF5-45DB-91F5-CD9947AD8CC5}.Release|iPhone.ActiveCfg = Release|iPhone
		{DD40D94D-FFF5-45DB-91F5-CD9947AD8CC5}.Release|iPhone.Build.0 = Release|iPhone
	EndGlobalSection
EndGlobal
